// !$*UTF8*$!
{
	archiveVersion = 1;
	classes = {
	};
	objectVersion = 46;
	objects = {

/* Begin PBXBuildFile section */
		D91A65D01F7C5679005CBD58 /* AppDelegate.swift in Sources */ = {isa = PBXBuildFile; fileRef = D91A65CF1F7C5679005CBD58 /* AppDelegate.swift */; };
		D91A65D21F7C5679005CBD58 /* ViewController.swift in Sources */ = {isa = PBXBuildFile; fileRef = D91A65D11F7C5679005CBD58 /* ViewController.swift */; };
		D91A65D51F7C5679005CBD58 /* Main.storyboard in Resources */ = {isa = PBXBuildFile; fileRef = D91A65D31F7C5679005CBD58 /* Main.storyboard */; };
		D91A65D71F7C5679005CBD58 /* Assets.xcassets in Resources */ = {isa = PBXBuildFile; fileRef = D91A65D61F7C5679005CBD58 /* Assets.xcassets */; };
		D91A65DA1F7C5679005CBD58 /* LaunchScreen.storyboard in Resources */ = {isa = PBXBuildFile; fileRef = D91A65D81F7C5679005CBD58 /* LaunchScreen.storyboard */; };
		D91A65E21F7FB7E2005CBD58 /* MyTodo.swift in Sources */ = {isa = PBXBuildFile; fileRef = D91A65E11F7FB7E2005CBD58 /* MyTodo.swift */; };
/* End PBXBuildFile section */

/* Begin PBXFileReference section */
		D91A65CC1F7C5679005CBD58 /* TodoList.app */ = {isa = PBXFileReference; explicitFileType = wrapper.application; includeInIndex = 0; path = TodoList.app; sourceTree = BUILT_PRODUCTS_DIR; };
		D91A65CF1F7C5679005CBD58 /* AppDelegate.swift */ = {isa = PBXFileReference; lastKnownFileType = sourcecode.swift; path = AppDelegate.swift; sourceTree = "<group>"; };
		D91A65D11F7C5679005CBD58 /* ViewController.swift */ = {isa = PBXFileReference; lastKnownFileType = sourcecode.swift; path = ViewController.swift; sourceTree = "<group>"; };
		D91A65D41F7C5679005CBD58 /* Base */ = {isa = PBXFileReference; lastKnownFileType = file.storyboard; name = Base; path = Base.lproj/Main.storyboard; sourceTree = "<group>"; };
		D91A65D61F7C5679005CBD58 /* Assets.xcassets */ = {isa = PBXFileReference; lastKnownFileType = folder.assetcatalog; path = Assets.xcassets; sourceTree = "<group>"; };
		D91A65D91F7C5679005CBD58 /* Base */ = {isa = PBXFileReference; lastKnownFileType = file.storyboard; name = Base; path = Base.lproj/LaunchScreen.storyboard; sourceTree = "<group>"; };
		D91A65DB1F7C5679005CBD58 /* Info.plist */ = {isa = PBXFileReference; lastKnownFileType = text.plist.xml; path = Info.plist; sourceTree = "<group>"; };
		D91A65E11F7FB7E2005CBD58 /* MyTodo.swift */ = {isa = PBXFileReference; fileEncoding = 4; lastKnownFileType = sourcecode.swift; path = MyTodo.swift; sourceTree = "<group>"; };
/* End PBXFileReference section */

/* Begin PBXFrameworksBuildPhase section */
		D91A65C91F7C5679005CBD58 /* Frameworks */ = {
			isa = PBXFrameworksBuildPhase;
			buildActionMask = 2147483647;
			files = (
			);
			runOnlyForDeploymentPostprocessing = 0;
		};
/* End PBXFrameworksBuildPhase section */

/* Begin PBXGroup section */
		D91A65C31F7C5679005CBD58 = {
			isa = PBXGroup;
			children = (
				D91A65CE1F7C5679005CBD58 /* TodoList */,
				D91A65CD1F7C5679005CBD58 /* Products */,
			);
			sourceTree = "<group>";
		};
		D91A65CD1F7C5679005CBD58 /* Products */ = {
			isa = PBXGroup;
			children = (
				D91A65CC1F7C5679005CBD58 /* TodoList.app */,
			);
			name = Products;
			sourceTree = "<group>";
		};
		D91A65CE1F7C5679005CBD58 /* TodoList */ = {
			isa = PBXGroup;
			children = (
				D91A65CF1F7C5679005CBD58 /* AppDelegate.swift */,
				D91A65D11F7C5679005CBD58 /* ViewController.swift */,
				D91A65E11F7FB7E2005CBD58 /* MyTodo.swift */,
				D91A65D31F7C5679005CBD58 /* Main.storyboard */,
				D91A65D61F7C5679005CBD58 /* Assets.xcassets */,
				D91A65D81F7C5679005CBD58 /* LaunchScreen.storyboard */,
				D91A65DB1F7C5679005CBD58 /* Info.plist */,
			);
			path = TodoList;
			sourceTree = "<group>";
		};
/* End PBXGroup section */

/* Begin PBXNativeTarget section */
		D91A65CB1F7C5679005CBD58 /* TodoList */ = {
			isa = PBXNativeTarget;
			buildConfigurationList = D91A65DE1F7C5679005CBD58 /* Build configuration list for PBXNativeTarget "TodoList" */;
			buildPhases = (
				D91A65C81F7C5679005CBD58 /* Sources */,
				D91A65C91F7C5679005CBD58 /* Frameworks */,
				D91A65CA1F7C5679005CBD58 /* Resources */,
			);
			buildRules = (
			);
			dependencies = (
			);
			name = TodoList;
			productName = TodoList;
			productReference = D91A65CC1F7C5679005CBD58 /* TodoList.app */;
			productType = "com.apple.product-type.application";
		};
/* End PBXNativeTarget section */

/* Begin PBXProject section */
		D91A65C41F7C5679005CBD58 /* Project object */ = {
			isa = PBXProject;
			attributes = {
				LastSwiftUpdateCheck = 0830;
				LastUpgradeCheck = 0830;
				ORGANIZATIONNAME = "Dai Haneda";
				TargetAttributes = {
					D91A65CB1F7C5679005CBD58 = {
						CreatedOnToolsVersion = 8.3.3;
						DevelopmentTeam = 3P723YPZTD;
						ProvisioningStyle = Automatic;
					};
				};
			};
			buildConfigurationList = D91A65C71F7C5679005CBD58 /* Build configuration list for PBXProject "TodoList" */;
			compatibilityVersion = "Xcode 3.2";
			developmentRegion = English;
			hasScannedForEncodings = 0;
			knownRegions = (
				en,
				Base,
			);
			mainGroup = D91A65C31F7C5679005CBD58;
			productRefGroup = D91A65CD1F7C5679005CBD58 /* Products */;
			projectDirPath = "";
			projectRoot = "";
			targets = (
				D91A65CB1F7C5679005CBD58 /* TodoList */,
			);
		};
/* End PBXProject section */

/* Begin PBXResourcesBuildPhase section */
		D91A65CA1F7C5679005CBD58 /* Resources */ = {
			isa = PBXResourcesBuildPhase;
			buildActionMask = 2147483647;
			files = (
				D91A65DA1F7C5679005CBD58 /* LaunchScreen.storyboard in Resources */,
				D91A65D71F7C5679005CBD58 /* Assets.xcassets in Resources */,
				D91A65D51F7C5679005CBD58 /* Main.storyboard in Resources */,
			);
			runOnlyForDeploymentPostprocessing = 0;
		};
/* End PBXResourcesBuildPhase section */

/* Begin PBXSourcesBuildPhase section */
		D91A65C81F7C5679005CBD58 /* Sources */ = {
			isa = PBXSourcesBuildPhase;
			buildActionMask = 2147483647;
			files = (
				D91A65D21F7C5679005CBD58 /* ViewController.swift in Sources */,
				D91A65E21F7FB7E2005CBD58 /* MyTodo.swift in Sources */,
				D91A65D01F7C5679005CBD58 /* AppDelegate.swift in Sources */,
			);
			runOnlyForDeploymentPostprocessing = 0;
		};
/* End PBXSourcesBuildPhase section */

/* Begin PBXVariantGroup section */
		D91A65D31F7C5679005CBD58 /* Main.storyboard */ = {
			isa = PBXVariantGroup;
			children = (
				D91A65D41F7C5679005CBD58 /* Base */,
			);
			name = Main.storyboard;
			sourceTree = "<group>";
		};
		D91A65D81F7C5679005CBD58 /* LaunchScreen.storyboard */ = {
			isa = PBXVariantGroup;
			children = (
				D91A65D91F7C5679005CBD58 /* Base */,
			);
			name = LaunchScreen.storyboard;
			sourceTree = "<group>";
		};
/* End PBXVariantGroup section */

/* Begin XCBuildConfiguration section */
		D91A65DC1F7C5679005CBD58 /* Debug */ = {
			isa = XCBuildConfiguration;
			buildSettings = {
				ALWAYS_SEARCH_USER_PATHS = NO;
				CLANG_ANALYZER_NONNULL = YES;
				CLANG_ANALYZER_NUMBER_OBJECT_CONVERSION = YES_AGGRESSIVE;
				CLANG_CXX_LANGUAGE_STANDARD = "gnu++0x";
				CLANG_CXX_LIBRARY = "libc++";
				CLANG_ENABLE_MODULES = YES;
				CLANG_ENABLE_OBJC_ARC = YES;
				CLANG_WARN_BOOL_CONVERSION = YES;
				CLANG_WARN_CONSTANT_CONVERSION = YES;
				CLANG_WARN_DIRECT_OBJC_ISA_USAGE = YES_ERROR;
				CLANG_WARN_DOCUMENTATION_COMMENTS = YES;
				CLANG_WARN_EMPTY_BODY = YES;
				CLANG_WARN_ENUM_CONVERSION = YES;
				CLANG_WARN_INFINITE_RECURSION = YES;
				CLANG_WARN_INT_CONVERSION = YES;
				CLANG_WARN_OBJC_ROOT_CLASS = YES_ERROR;
				CLANG_WARN_SUSPICIOUS_MOVE = YES;
				CLANG_WARN_UNREACHABLE_CODE = YES;
				CLANG_WARN__DUPLICATE_METHOD_MATCH = YES;
				"CODE_SIGN_IDENTITY[sdk=iphoneos*]" = "iPhone Developer";
				COPY_PHASE_STRIP = NO;
				DEBUG_INFORMATION_FORMAT = dwarf;
				ENABLE_STRICT_OBJC_MSGSEND = YES;
				ENABLE_TESTABILITY = YES;
				GCC_C_LANGUAGE_STANDARD = gnu99;
				GCC_DYNAMIC_NO_PIC = NO;
				GCC_NO_COMMON_BLOCKS = YES;
				GCC_OPTIMIZATION_LEVEL = 0;
				GCC_PREPROCESSOR_DEFINITIONS = (
					"DEBUG=1",
					"$(inherited)",
				);
				GCC_WARN_64_TO_32_BIT_CONVERSION = YES;
				GCC_WARN_ABOUT_RETURN_TYPE = YES_ERROR;
				GCC_WARN_UNDECLARED_SELECTOR = YES;
				GCC_WARN_UNINITIALIZED_AUTOS = YES_AGGRESSIVE;
				GCC_WARN_UNUSED_FUNCTION = YES;
				GCC_WARN_UNUSED_VARIABLE = YES;
				IPHONEOS_DEPLOYMENT_TARGET = 10.3;
				MTL_ENABLE_DEBUG_INFO = YES;
				ONLY_ACTIVE_ARCH = YES;
				SDKROOT = iphoneos;
				SWIFT_ACTIVE_COMPILATION_CONDITIONS = DEBUG;
				SWIFT_OPTIMIZATION_LEVEL = "-Onone";
				TARGETED_DEVICE_FAMILY = "1,2";
			};
			name = Debug;
		};
		D91A65DD1F7C5679005CBD58 /* Release */ = {
			isa = XCBuildConfiguration;
			buildSettings = {
				ALWAYS_SEARCH_USER_PATHS = NO;
				CLANG_ANALYZER_NONNULL = YES;
				CLANG_ANALYZER_NUMBER_OBJECT_CONVERSION = YES_AGGRESSIVE;
				CLANG_CXX_LANGUAGE_STANDARD = "gnu++0x";
				CLANG_CXX_LIBRARY = "libc++";
				CLANG_ENABLE_MODULES = YES;
				CLANG_ENABLE_OBJC_ARC = YES;
				CLANG_WARN_BOOL_CONVERSION = YES;
				CLANG_WARN_CONSTANT_CONVERSION = YES;
				CLANG_WARN_DIRECT_OBJC_ISA_USAGE = YES_ERROR;
				CLANG_WARN_DOCUMENTATION_COMMENTS = YES;
				CLANG_WARN_EMPTY_BODY = YES;
				CLANG_WARN_ENUM_CONVERSION = YES;
				CLANG_WARN_INFINITE_RECURSION = YES;
				CLANG_WARN_INT_CONVERSION = YES;
				CLANG_WARN_OBJC_ROOT_CLASS = YES_ERROR;
				CLANG_WARN_SUSPICIOUS_MOVE = YES;
				CLANG_WARN_UNREACHABLE_CODE = YES;
				CLANG_WARN__DUPLICATE_METHOD_MATCH = YES;
				"CODE_SIGN_IDENTITY[sdk=iphoneos*]" = "iPhone Developer";
				COPY_PHASE_STRIP = NO;
				DEBUG_INFORMATION_FORMAT = "dwarf-with-dsym";
				ENABLE_NS_ASSERTIONS = NO;
				ENABLE_STRICT_OBJC_MSGSEND = YES;
				GCC_C_LANGUAGE_STANDARD = gnu99;
				GCC_NO_COMMON_BLOCKS = YES;
				GCC_WARN_64_TO_32_BIT_CONVERSION = YES;
				GCC_WARN_ABOUT_RETURN_TYPE = YES_ERROR;
				GCC_WARN_UNDECLARED_SELECTOR = YES;
				GCC_WARN_UNINITIALIZED_AUTOS = YES_AGGRESSIVE;
				GCC_WARN_UNUSED_FUNCTION = YES;
				GCC_WARN_UNUSED_VARIABLE = YES;
				IPHONEOS_DEPLOYMENT_TARGET = 10.3;
				MTL_ENABLE_DEBUG_INFO = NO;
				SDKROOT = iphoneos;
				SWIFT_OPTIMIZATION_LEVEL = "-Owholemodule";
				TARGETED_DEVICE_FAMILY = "1,2";
				VALIDATE_PRODUCT = YES;
			};
			name = Release;
		};
		D91A65DF1F7C5679005CBD58 /* Debug */ = {
			isa = XCBuildConfiguration;
			buildSettings = {
				ASSETCATALOG_COMPILER_APPICON_NAME = AppIcon;
				DEVELOPMENT_TEAM = 3P723YPZTD;
				INFOPLIST_FILE = TodoList/Info.plist;
				LD_RUNPATH_SEARCH_PATHS = "$(inherited) @executable_path/Frameworks";
				PRODUCT_BUNDLE_IDENTIFIER = com.gmail.dhanegm731dev.TodoList;
				PRODUCT_NAME = "$(TARGET_NAME)";
				SWIFT_VERSION = 3.0;
			};
			name = Debug;
		};
		D91A65E01F7C5679005CBD58 /* Release */ = {
			isa = XCBuildConfiguration;
			buildSettings = {
				ASSETCATALOG_COMPILER_APPICON_NAME = AppIcon;
				DEVELOPMENT_TEAM = 3P723YPZTD;
				INFOPLIST_FILE = TodoList/Info.plist;
				LD_RUNPATH_SEARCH_PATHS = "$(inherited) @executable_path/Frameworks";
				PRODUCT_BUNDLE_IDENTIFIER = com.gmail.dhanegm731dev.TodoList;
				PRODUCT_NAME = "$(TARGET_NAME)";
				SWIFT_VERSION = 3.0;
			};
			name = Release;
		};
/* End XCBuildConfiguration section */

/* Begin XCConfigurationList section */
		D91A65C71F7C5679005CBD58 /* Build configuration list for PBXProject "TodoList" */ = {
			isa = XCConfigurationList;
			buildConfigurations = (
				D91A65DC1F7C5679005CBD58 /* Debug */,
				D91A65DD1F7C5679005CBD58 /* Release */,
			);
			defaultConfigurationIsVisible = 0;
			defaultConfigurationName = Release;
		};
		D91A65DE1F7C5679005CBD58 /* Build configuration list for PBXNativeTarget "TodoList" */ = {
			isa = XCConfigurationList;
			buildConfigurations = (
				D91A65DF1F7C5679005CBD58 /* Debug */,
				D91A65E01F7C5679005CBD58 /* Release */,
			);
			defaultConfigurationIsVisible = 0;
		};
/* End XCConfigurationList section */
	};
	rootObject = D91A65C41F7C5679005CBD58 /* Project object */;
}
